Microsoft Visual Studio Solution File, Format Version 12.00
# Visual Studio Version 17
VisualStudioVersion = 17.5.2.0
MinimumVisualStudioVersion = 10.0.40219.1
Project("{2150E333-8FDC-42A3-9474-1A3956D46DE8}") = "dotnet-arabic-ocr-api", "dotnet-arabic-ocr-api", "{618547CA-8A18-5200-8C44-A26D99A75910}"
EndProject
Project("{FAE04EC0-301F-11D3-BF4B-00C04F79EFBC}") = "ArabicPdfExtraction.Api", "dotnet-arabic-ocr-api\ArabicPdfExtraction.Api.csproj", "{49CEE61A-51A1-2446-6A04-058F3F54BF3D}"
EndProject
Global
	GlobalSection(SolutionConfigurationPlatforms) = preSolution
		Debug|Any CPU = Debug|Any CPU
		Release|Any CPU = Release|Any CPU
	EndGlobalSection
	GlobalSection(ProjectConfigurationPlatforms) = postSolution
		{49CEE61A-51A1-2446-6A04-058F3F54BF3D}.Debug|Any CPU.ActiveCfg = Debug|Any CPU
		{49CEE61A-51A1-2446-6A04-058F3F54BF3D}.Debug|Any CPU.Build.0 = Debug|Any CPU
		{49CEE61A-51A1-2446-6A04-058F3F54BF3D}.Release|Any CPU.ActiveCfg = Release|Any CPU
		{49CEE61A-51A1-2446-6A04-058F3F54BF3D}.Release|Any CPU.Build.0 = Release|Any CPU
	EndGlobalSection
	GlobalSection(SolutionProperties) = preSolution
		HideSolutionNode = FALSE
	EndGlobalSection
	GlobalSection(NestedProjects) = preSolution
		{49CEE61A-51A1-2446-6A04-058F3F54BF3D} = {618547CA-8A18-5200-8C44-A26D99A75910}
	EndGlobalSection
	GlobalSection(ExtensibilityGlobals) = postSolution
		SolutionGuid = {8AA84D02-CE36-47A8-A79F-86BC24618CE3}
	EndGlobalSection
EndGlobal
